github.com/google/uuid v1.6.0 h1:NIvaXoFO4f6f0XqWc7o6Eio8cC9uXqZ2gFkL6p/5Tys=
github.com/google/uuid v1.6.0/go.mod h1:TIyPZe4MgqvfeYDBFedMoGGpEw/LqOeaOT+nhxU+yHo=
github.com/gorilla/mux v1.8.1 h1:TuBL49tXwgrFYWhqrNgrUNEY92u81SPhu7sTdzQEiWY=
github.com/gorilla/mux v1.8.1/go.mod h1:AKf9I4AEqPTmMytcMc0KkNouC66V3BtZ4qD5fmWSiMQ=
github.com/mattn/go-sqlite3 v1.14.22 h1:qZgc/Rwetq+Mq+8zBsC6p6jGhXQbHz+7QbKBq8cFpJ0=
github.com/mattn/go-sqlite3 v1.14.22/go.mod h1:2eHXhiwb8IkHr+BDWZGa96P6+rkvnG63S2DGjv9HUNg=
github.com/rs/cors v1.11.0 h1:DlPq5JQB3mL4j0j7wMD8S0R0h6o7S2CD6pJ2Jj6T2Ks=
github.com/rs/cors v1.11.0/go.mod h1:q1l9o7+wTfA6FJb8rr2qF6g0zHnP42g6Jmk6eQhq8i4=
github.com/gorilla/websocket v1.5.1 h1:gmfnG4bSdSh6e4mKZ8J2chCldvuX3SrC5GhaCgRwhfU=
github.com/gorilla/websocket v1.5.1/go.mod h1:x3kM2JMyaluk02fnUJpQuwD2dCS5NDG2ZHL0uE0tcaY=
golang.org/x/net v0.17.0 h1:r8B03oQECQzXFeM+k1X2bjzQf5EPT5BSKq2HCZlaWI8=
golang.org/x/net v0.17.0/go.mod h1:NKbyDNWQ7HX0oM8O8F2jAJMA7vBc3b5XkH1K7q+B8fc=